
Microsoft Visual Studio Solution File, Format Version 12.00
# Visual Studio Version 16
VisualStudioVersion = 16.0.29102.190
MinimumVisualStudioVersion = 10.0.40219.1
Project("{9A19103F-16F7-4668-BE54-9A1E7A4F7556}") = "Extensions.ApplicationInsights", "src\Extensions.ApplicationInsights\Extensions.ApplicationInsights.csproj", "{772D8476-58C0-448B-B819-0D32717D8F06}"
EndProject
Project("{FAE04EC0-301F-11D3-BF4B-00C04F79EFBC}") = "Sample", "sample\Sample\Sample.csproj", "{D4DC60EF-5AAA-4636-890F-4F1412CE2A42}"
EndProject
Global
	GlobalSection(SolutionConfigurationPlatforms) = preSolution
		Debug|Any CPU = Debug|Any CPU
		Release|Any CPU = Release|Any CPU
	EndGlobalSection
	GlobalSection(ProjectConfigurationPlatforms) = postSolution
		{772D8476-58C0-448B-B819-0D32717D8F06}.Debug|Any CPU.ActiveCfg = Debug|Any CPU
		{772D8476-58C0-448B-B819-0D32717D8F06}.Debug|Any CPU.Build.0 = Debug|Any CPU
		{772D8476-58C0-448B-B819-0D32717D8F06}.Release|Any CPU.ActiveCfg = Release|Any CPU
		{772D8476-58C0-448B-B819-0D32717D8F06}.Release|Any CPU.Build.0 = Release|Any CPU
		{D4DC60EF-5AAA-4636-890F-4F1412CE2A42}.Debug|Any CPU.ActiveCfg = Debug|Any CPU
		{D4DC60EF-5AAA-4636-890F-4F1412CE2A42}.Debug|Any CPU.Build.0 = Debug|Any CPU
		{D4DC60EF-5AAA-4636-890F-4F1412CE2A42}.Release|Any CPU.ActiveCfg = Release|Any CPU
		{D4DC60EF-5AAA-4636-890F-4F1412CE2A42}.Release|Any CPU.Build.0 = Release|Any CPU
	EndGlobalSection
	GlobalSection(SolutionProperties) = preSolution
		HideSolutionNode = FALSE
	EndGlobalSection
	GlobalSection(ExtensibilityGlobals) = postSolution
		SolutionGuid = {303D278B-2B12-4F70-9D55-A692C777D26B}
	EndGlobalSection
EndGlobal
